
Microsoft Visual Studio Solution File, Format Version 12.00
# Visual Studio Version 16
VisualStudioVersion = 16.0.810.21
MinimumVisualStudioVersion = 10.0.40219.1
Project("{FAE04EC0-301F-11D3-BF4B-00C04F79EFBC}") = "circle", "circle\circle.csproj", "{04638F8C-977E-4730-866B-89EC31531D1F}"
EndProject
Global
	GlobalSection(SolutionConfigurationPlatforms) = preSolution
		Debug|Any CPU = Debug|Any CPU
		Release|Any CPU = Release|Any CPU
	EndGlobalSection
	GlobalSection(ProjectConfigurationPlatforms) = postSolution
		{04638F8C-977E-4730-866B-89EC31531D1F}.Debug|Any CPU.ActiveCfg = Debug|Any CPU
		{04638F8C-977E-4730-866B-89EC31531D1F}.Debug|Any CPU.Build.0 = Debug|Any CPU
		{04638F8C-977E-4730-866B-89EC31531D1F}.Release|Any CPU.ActiveCfg = Release|Any CPU
		{04638F8C-977E-4730-866B-89EC31531D1F}.Release|Any CPU.Build.0 = Release|Any CPU
	EndGlobalSection
	GlobalSection(SolutionProperties) = preSolution
		HideSolutionNode = FALSE
	EndGlobalSection
	GlobalSection(ExtensibilityGlobals) = postSolution
		SolutionGuid = {9D6F0954-AC57-4010-B974-D0B0BA3CBC83}
	EndGlobalSection
EndGlobal
