
Microsoft Visual Studio Solution File, Format Version 12.00
# Visual Studio Version 16
VisualStudioVersion = 16.0.810.21
MinimumVisualStudioVersion = 10.0.40219.1
Project("{FAE04EC0-301F-11D3-BF4B-00C04F79EFBC}") = "cus_attributes", "cus_attributes.csproj", "{37211F01-066C-49B7-9AFE-4310E7100B30}"
EndProject
Global
	GlobalSection(SolutionConfigurationPlatforms) = preSolution
		Debug|Any CPU = Debug|Any CPU
		Release|Any CPU = Release|Any CPU
	EndGlobalSection
	GlobalSection(ProjectConfigurationPlatforms) = postSolution
		{37211F01-066C-49B7-9AFE-4310E7100B30}.Debug|Any CPU.ActiveCfg = Debug|Any CPU
		{37211F01-066C-49B7-9AFE-4310E7100B30}.Debug|Any CPU.Build.0 = Debug|Any CPU
		{37211F01-066C-49B7-9AFE-4310E7100B30}.Release|Any CPU.ActiveCfg = Release|Any CPU
		{37211F01-066C-49B7-9AFE-4310E7100B30}.Release|Any CPU.Build.0 = Release|Any CPU
	EndGlobalSection
	GlobalSection(SolutionProperties) = preSolution
		HideSolutionNode = FALSE
	EndGlobalSection
	GlobalSection(ExtensibilityGlobals) = postSolution
		SolutionGuid = {8FBBD637-36F0-44F3-BFB8-170437B7D94F}
	EndGlobalSection
EndGlobal
